{
  "name": "xtal-tree",
  "version": "0.0.59",
  "lockfileVersion": 1,
  "requires": true,
  "dependencies": {
    "@polymer/iron-a11y-keys-behavior": {
      "version": "3.0.1",
      "resolved": "https://registry.npmjs.org/@polymer/iron-a11y-keys-behavior/-/iron-a11y-keys-behavior-3.0.1.tgz",
      "integrity": "sha512-lnrjKq3ysbBPT/74l0Fj0U9H9C35Tpw2C/tpJ8a+5g8Y3YJs1WSZYnEl1yOkw6sEyaxOq/1DkzH0+60gGu5/PQ==",
      "requires": {
        "@polymer/polymer": "^3.0.0"
      }
    },
    "@polymer/iron-list": {
      "version": "3.0.2",
      "resolved": "https://registry.npmjs.org/@polymer/iron-list/-/iron-list-3.0.2.tgz",
      "integrity": "sha512-A6GMTx/4mWxGn3BC6weaXqRC7B0coNjgEoxwVbEcDNwovqntv0aWs5sT9+PI4zvV/syWL5rAESyJDvOxTatoEw==",
      "requires": {
        "@polymer/iron-a11y-keys-behavior": "^3.0.0-pre.26",
        "@polymer/iron-resizable-behavior": "^3.0.0-pre.26",
        "@polymer/iron-scroll-target-behavior": "^3.0.0-pre.26",
        "@polymer/polymer": "^3.0.0"
      }
    },
    "@polymer/iron-resizable-behavior": {
      "version": "3.0.1",
      "resolved": "https://registry.npmjs.org/@polymer/iron-resizable-behavior/-/iron-resizable-behavior-3.0.1.tgz",
      "integrity": "sha512-FyHxRxFspVoRaeZSWpT3y0C9awomb4tXXolIJcZ7RvXhMP632V5lez+ch5G5SwK0LpnAPkg35eB0LPMFv+YMMQ==",
      "requires": {
        "@polymer/polymer": "^3.0.0"
      }
    },
    "@polymer/iron-scroll-target-behavior": {
      "version": "3.0.1",
      "resolved": "https://registry.npmjs.org/@polymer/iron-scroll-target-behavior/-/iron-scroll-target-behavior-3.0.1.tgz",
      "integrity": "sha512-xg1WanG25BIkQE8rhuReqY9zx1K5M7F+YAIYpswEp5eyDIaZ1Y3vUmVeQ3KG+hiSugzI1M752azXN7kvyhOBcQ==",
      "requires": {
        "@polymer/polymer": "^3.0.0"
      }
    },
    "@polymer/polymer": {
      "version": "3.1.0",
      "resolved": "https://registry.npmjs.org/@polymer/polymer/-/polymer-3.1.0.tgz",
      "integrity": "sha512-hwN8IMERsFATz/9dSMxYHL+84J9uBkPuuarxJWlTsppZ4CAYTZKnepBfNrKoyNsafBmA3yXBiiKPPf+fJtza7A==",
      "requires": {
        "@webcomponents/shadycss": "^1.5.2"
      }
    },
    "@types/events": {
      "version": "1.2.0",
      "resolved": "https://registry.npmjs.org/@types/events/-/events-1.2.0.tgz",
      "integrity": "sha512-KEIlhXnIutzKwRbQkGWb/I4HFqBuUykAdHgDED6xqwXJfONCjF5VoE0cXEiurh3XauygxzeDzgtXUqvLkxFzzA==",
      "dev": true
    },
    "@types/node": {
      "version": "10.9.2",
      "resolved": "https://registry.npmjs.org/@types/node/-/node-10.9.2.tgz",
      "integrity": "sha512-pwZnkVyCGJ3LsQ0/3flQK5lCFao4esIzwUVzzk5NvL9vnkEyDhNf4fhHzUMHvyr56gNZywWTS2MR0euabMSz4A==",
      "dev": true
    },
    "@types/puppeteer": {
      "version": "1.6.0",
      "resolved": "https://registry.npmjs.org/@types/puppeteer/-/puppeteer-1.6.0.tgz",
      "integrity": "sha512-I7M8S3bmgH4WozaPWMbe6MxTQ7P2jyWLVhsV5ZY/K3FkkG9Knei99783dlCtQS+rlkbhDBgBEjFhl7UoMr5/tw==",
      "dev": true,
      "requires": {
        "@types/events": "*",
        "@types/node": "*"
      }
    },
    "@types/tape": {
      "version": "4.2.32",
      "resolved": "https://registry.npmjs.org/@types/tape/-/tape-4.2.32.tgz",
      "integrity": "sha512-xil0KO5wkPoixdBWGIGolPv9dekf6dVkjjJLAFYchfKcd4DICou67rgGCIO7wAh3i5Ff/6j9IDgZz+GU9cMaqQ==",
      "dev": true,
      "requires": {
        "@types/node": "*"
      }
    },
    "@webcomponents/shadycss": {
      "version": "1.9.0",
      "resolved": "https://registry.npmjs.org/@webcomponents/shadycss/-/shadycss-1.9.0.tgz",
      "integrity": "sha512-g8Xa+6RSEME4g/wLJW4YII0eq15rvXp76RxPAuv7hx+Bdoi7GzZJ/EoZOUfyIbqAsQbII1TcWD4/+Xhs5NcM1w=="
    },
    "@webcomponents/webcomponentsjs": {
      "version": "2.0.0",
      "resolved": "https://registry.npmjs.org/@webcomponents/webcomponentsjs/-/webcomponentsjs-2.0.0.tgz",
      "integrity": "sha512-f6izmesHd8E+rL32tftlXZmz1EAL+lLn8AUex0mJFLe39z53iTFNCqxAYsMmCA/QSGP+8X6D1it/JbuVl1jOHA==",
      "dev": true
    },
    "balanced-match": {
      "version": "1.0.0",
      "resolved": "https://registry.npmjs.org/balanced-match/-/balanced-match-1.0.0.tgz",
      "integrity": "sha1-ibTRmasr7kneFk6gK4nORi1xt2c=",
      "dev": true
    },
    "brace-expansion": {
      "version": "1.1.11",
      "resolved": "https://registry.npmjs.org/brace-expansion/-/brace-expansion-1.1.11.tgz",
      "integrity": "sha512-iCuPHDFgrHX7H2vEI/5xpz07zSHB00TpugqhmYtVmMO6518mCuRMoOYFldEBl0g187ufozdaHgWKcYFb61qGiA==",
      "dev": true,
      "requires": {
        "balanced-match": "^1.0.0",
        "concat-map": "0.0.1"
      }
    },
    "concat-map": {
      "version": "0.0.1",
      "resolved": "https://registry.npmjs.org/concat-map/-/concat-map-0.0.1.tgz",
      "integrity": "sha1-2Klr13/Wjfd5OnMDajug1UBdR3s=",
      "dev": true
    },
    "deep-equal": {
      "version": "1.0.1",
      "resolved": "https://registry.npmjs.org/deep-equal/-/deep-equal-1.0.1.tgz",
      "integrity": "sha1-9dJgKStmDghO/0zbyfCK0yR0SLU=",
      "dev": true
    },
    "define-properties": {
      "version": "1.1.3",
      "resolved": "https://registry.npmjs.org/define-properties/-/define-properties-1.1.3.tgz",
      "integrity": "sha512-3MqfYKj2lLzdMSf8ZIZE/V+Zuy+BgD6f164e8K2w7dgnpKArBDerGYpM46IYYcjnkdPNMjPk9A6VFB8+3SKlXQ==",
      "dev": true,
      "requires": {
        "object-keys": "^1.0.12"
      }
    },
    "defined": {
      "version": "1.0.0",
      "resolved": "https://registry.npmjs.org/defined/-/defined-1.0.0.tgz",
      "integrity": "sha1-yY2bzvdWdBiOEQlpFRGZ45sfppM=",
      "dev": true
    },
    "es-abstract": {
      "version": "1.12.0",
      "resolved": "https://registry.npmjs.org/es-abstract/-/es-abstract-1.12.0.tgz",
      "integrity": "sha512-C8Fx/0jFmV5IPoMOFPA9P9G5NtqW+4cOPit3MIuvR2t7Ag2K15EJTpxnHAYTzL+aYQJIESYeXZmDBfOBE1HcpA==",
      "dev": true,
      "requires": {
        "es-to-primitive": "^1.1.1",
        "function-bind": "^1.1.1",
        "has": "^1.0.1",
        "is-callable": "^1.1.3",
        "is-regex": "^1.0.4"
      }
    },
    "es-to-primitive": {
      "version": "1.1.1",
      "resolved": "https://registry.npmjs.org/es-to-primitive/-/es-to-primitive-1.1.1.tgz",
      "integrity": "sha1-RTVSSKiJeQNLZ5Lhm7gfK3l13Q0=",
      "dev": true,
      "requires": {
        "is-callable": "^1.1.1",
        "is-date-object": "^1.0.1",
        "is-symbol": "^1.0.1"
      }
    },
    "event-switch": {
      "version": "0.0.12",
      "resolved": "https://registry.npmjs.org/event-switch/-/event-switch-0.0.12.tgz",
      "integrity": "sha512-T4ZNewAhMsLkurklQwzznYsz7MHqhriwZHxYFLRHY+TfIbSTAOoB1IO4QibezD2D7HEdQnIb99v+eSV2N4KIbg=="
    },
    "for-each": {
      "version": "0.3.3",
      "resolved": "https://registry.npmjs.org/for-each/-/for-each-0.3.3.tgz",
      "integrity": "sha512-jqYfLp7mo9vIyQf8ykW2v7A+2N4QjeCeI5+Dz9XraiO1ign81wjiH7Fb9vSOWvQfNtmSa4H2RoQTrrXivdUZmw==",
      "dev": true,
      "requires": {
        "is-callable": "^1.1.3"
      }
    },
    "fs.realpath": {
      "version": "1.0.0",
      "resolved": "https://registry.npmjs.org/fs.realpath/-/fs.realpath-1.0.0.tgz",
      "integrity": "sha1-FQStJSMVjKpA20onh8sBQRmU6k8=",
      "dev": true
    },
    "function-bind": {
      "version": "1.1.1",
      "resolved": "https://registry.npmjs.org/function-bind/-/function-bind-1.1.1.tgz",
      "integrity": "sha512-yIovAzMX49sF8Yl58fSCWJ5svSLuaibPxXQJFLmBObTuCr0Mf1KiPopGM9NiFjiYBCbfaa2Fh6breQ6ANVTI0A==",
      "dev": true
    },
    "glob": {
      "version": "7.1.2",
      "resolved": "https://registry.npmjs.org/glob/-/glob-7.1.2.tgz",
      "integrity": "sha512-MJTUg1kjuLeQCJ+ccE4Vpa6kKVXkPYJ2mOCQyUuKLcLQsdrMCpBPUi8qVE6+YuaJkozeA9NusTAw3hLr8Xe5EQ==",
      "dev": true,
      "requires": {
        "fs.realpath": "^1.0.0",
        "inflight": "^1.0.4",
        "inherits": "2",
        "minimatch": "^3.0.4",
        "once": "^1.3.0",
        "path-is-absolute": "^1.0.0"
      }
    },
    "has": {
      "version": "1.0.3",
      "resolved": "https://registry.npmjs.org/has/-/has-1.0.3.tgz",
      "integrity": "sha512-f2dvO0VU6Oej7RkWJGrehjbzMAjFp5/VKPp5tTpWIV4JHHZK1/BxbFRtf/siA2SWTe09caDmVtYYzWEIbBS4zw==",
      "dev": true,
      "requires": {
        "function-bind": "^1.1.1"
      }
    },
    "if-diff": {
      "version": "0.0.20",
      "resolved": "https://registry.npmjs.org/if-diff/-/if-diff-0.0.20.tgz",
      "integrity": "sha512-kmTouJABBp+Vx0x43vLsRlWUWHujvZLynp6LvxZqXEuCpScjT2o6uHcF98aJYFMDn6oSMUDtqWPoxWMsH0YDkw==",
      "requires": {
        "xtal-latx": "0.0.88"
      }
    },
    "inflight": {
      "version": "1.0.6",
      "resolved": "https://registry.npmjs.org/inflight/-/inflight-1.0.6.tgz",
      "integrity": "sha1-Sb1jMdfQLQwJvJEKEHW6gWW1bfk=",
      "dev": true,
      "requires": {
        "once": "^1.3.0",
        "wrappy": "1"
      }
    },
    "inherits": {
      "version": "2.0.3",
      "resolved": "https://registry.npmjs.org/inherits/-/inherits-2.0.3.tgz",
      "integrity": "sha1-Yzwsg+PaQqUC9SRmAiSA9CCCYd4=",
      "dev": true
    },
    "is-callable": {
      "version": "1.1.4",
      "resolved": "https://registry.npmjs.org/is-callable/-/is-callable-1.1.4.tgz",
      "integrity": "sha512-r5p9sxJjYnArLjObpjA4xu5EKI3CuKHkJXMhT7kwbpUyIFD1n5PMAsoPvWnvtZiNz7LjkYDRZhd7FlI0eMijEA==",
      "dev": true
    },
    "is-date-object": {
      "version": "1.0.1",
      "resolved": "https://registry.npmjs.org/is-date-object/-/is-date-object-1.0.1.tgz",
      "integrity": "sha1-mqIOtq7rv/d/vTPnTKAbM1gdOhY=",
      "dev": true
    },
    "is-regex": {
      "version": "1.0.4",
      "resolved": "https://registry.npmjs.org/is-regex/-/is-regex-1.0.4.tgz",
      "integrity": "sha1-VRdIm1RwkbCTDglWVM7SXul+lJE=",
      "dev": true,
      "requires": {
        "has": "^1.0.1"
      }
    },
    "is-symbol": {
      "version": "1.0.1",
      "resolved": "https://registry.npmjs.org/is-symbol/-/is-symbol-1.0.1.tgz",
      "integrity": "sha1-PMWfAAJRlLarLjjbrmaJJWtmBXI=",
      "dev": true
    },
    "jiife": {
      "version": "0.0.4",
      "resolved": "https://registry.npmjs.org/jiife/-/jiife-0.0.4.tgz",
      "integrity": "sha512-BubRxE1DCPN5rUXcdObEPncX23qJpCTZ6zolfqPS0rJTg+Vos9Lnt6rZqhXLHRbBvmNpqwFG1XA4LYEC3AEq4g==",
      "dev": true
    },
    "minimatch": {
      "version": "3.0.4",
      "resolved": "https://registry.npmjs.org/minimatch/-/minimatch-3.0.4.tgz",
      "integrity": "sha512-yJHVQEhyqPLUTgt9B83PXu6W3rx4MvvHvSUvToogpwoGDOUQ+yDrR0HRot+yOCdCO7u4hX3pWft6kWBBcqh0UA==",
      "dev": true,
      "requires": {
        "brace-expansion": "^1.1.7"
      }
    },
    "object-inspect": {
      "version": "1.6.0",
      "resolved": "https://registry.npmjs.org/object-inspect/-/object-inspect-1.6.0.tgz",
      "integrity": "sha512-GJzfBZ6DgDAmnuaM3104jR4s1Myxr3Y3zfIyN4z3UdqN69oSRacNK8UhnobDdC+7J2AHCjGwxQubNJfE70SXXQ==",
      "dev": true
    },
    "object-keys": {
      "version": "1.0.12",
      "resolved": "https://registry.npmjs.org/object-keys/-/object-keys-1.0.12.tgz",
      "integrity": "sha512-FTMyFUm2wBcGHnH2eXmz7tC6IwlqQZ6mVZ+6dm6vZ4IQIHjs6FdNsQBuKGPuUUUY6NfJw2PshC08Tn6LzLDOag==",
      "dev": true
    },
    "once": {
      "version": "1.4.0",
      "resolved": "https://registry.npmjs.org/once/-/once-1.4.0.tgz",
      "integrity": "sha1-WDsap3WWHUsROsF9nFC6753Xa9E=",
      "dev": true,
      "requires": {
        "wrappy": "1"
      }
    },
    "p-d.p-u": {
      "version": "0.0.108",
      "resolved": "https://registry.npmjs.org/p-d.p-u/-/p-d.p-u-0.0.108.tgz",
      "integrity": "sha512-ZeSrGuhHxid/ObhwR9oKWWyQnLhzuiQWBKMdy/Lqu1ZOv9HyKeBTfk92JcPQcVJHXxKYTqunRoBX+Zdn/Jq52g==",
      "requires": {
        "xtal-element": "0.0.34"
      }
    },
    "path-is-absolute": {
      "version": "1.0.1",
      "resolved": "https://registry.npmjs.org/path-is-absolute/-/path-is-absolute-1.0.1.tgz",
      "integrity": "sha1-F0uSaHNVNP+8es5r9TpanhtcX18=",
      "dev": true
    },
    "path-parse": {
      "version": "1.0.6",
      "resolved": "https://registry.npmjs.org/path-parse/-/path-parse-1.0.6.tgz",
      "integrity": "sha512-GSmOT2EbHrINBf9SR7CDELwlJ8AENk3Qn7OikK4nFYAu3Ote2+JYNVvkpAEQm3/TLNEJFD/xZJjzyxg3KBWOzw==",
      "dev": true
    },
    "resolve": {
      "version": "1.7.1",
      "resolved": "https://registry.npmjs.org/resolve/-/resolve-1.7.1.tgz",
      "integrity": "sha512-c7rwLofp8g1U+h1KNyHL/jicrKg1Ek4q+Lr33AL65uZTinUZHe30D5HlyN5V9NW0JX1D5dXQ4jqW5l7Sy/kGfw==",
      "dev": true,
      "requires": {
        "path-parse": "^1.0.5"
      }
    },
    "resumer": {
      "version": "0.0.0",
      "resolved": "https://registry.npmjs.org/resumer/-/resumer-0.0.0.tgz",
      "integrity": "sha1-8ej0YeQGS6Oegq883CqMiT0HZ1k=",
      "dev": true,
      "requires": {
        "through": "~2.3.4"
      }
    },
    "string.prototype.trim": {
      "version": "1.1.2",
      "resolved": "https://registry.npmjs.org/string.prototype.trim/-/string.prototype.trim-1.1.2.tgz",
      "integrity": "sha1-0E3iyJ4Tf019IG8Ia17S+ua+jOo=",
      "dev": true,
      "requires": {
        "define-properties": "^1.1.2",
        "es-abstract": "^1.5.0",
        "function-bind": "^1.0.2"
      }
    },
    "tape": {
      "version": "4.9.1",
      "resolved": "https://registry.npmjs.org/tape/-/tape-4.9.1.tgz",
      "integrity": "sha512-6fKIXknLpoe/Jp4rzHKFPpJUHDHDqn8jus99IfPnHIjyz78HYlefTGD3b5EkbQzuLfaEvmfPK3IolLgq2xT3kw==",
      "dev": true,
      "requires": {
        "deep-equal": "~1.0.1",
        "defined": "~1.0.0",
        "for-each": "~0.3.3",
        "function-bind": "~1.1.1",
        "glob": "~7.1.2",
        "has": "~1.0.3",
        "inherits": "~2.0.3",
        "minimist": "~1.2.0",
        "object-inspect": "~1.6.0",
        "resolve": "~1.7.1",
        "resumer": "~0.0.0",
        "string.prototype.trim": "~1.1.2",
        "through": "~2.3.8"
      },
      "dependencies": {
        "minimist": {
          "version": "1.2.0",
          "resolved": "https://registry.npmjs.org/minimist/-/minimist-1.2.0.tgz",
          "integrity": "sha1-o1AIsg9BOD7sH7kU9M1d95omQoQ=",
          "dev": true
        }
      }
    },
    "through": {
      "version": "2.3.8",
      "resolved": "https://registry.npmjs.org/through/-/through-2.3.8.tgz",
      "integrity": "sha1-DdTJ/6q8NXlgsbckEV1+Doai4fU=",
      "dev": true
    },
    "trans-render": {
      "version": "0.0.82",
      "resolved": "https://registry.npmjs.org/trans-render/-/trans-render-0.0.82.tgz",
      "integrity": "sha512-40tM7Yj9+Re4qN8GUL6ejjTWljgMMhNH4IpMj996iX92M7QeQVSzeMBLfVjHMJ5Lt6xbyNbuTXa17TmOZAB74g==",
      "requires": {
        "xtal-latx": "0.0.88"
      }
    },
    "wrappy": {
      "version": "1.0.2",
      "resolved": "https://registry.npmjs.org/wrappy/-/wrappy-1.0.2.tgz",
      "integrity": "sha1-tSQ9jz7BqjXxNkYFvA0QNuMKtp8=",
      "dev": true
    },
    "xtal-decorator": {
      "version": "0.0.41",
      "resolved": "https://registry.npmjs.org/xtal-decorator/-/xtal-decorator-0.0.41.tgz",
      "integrity": "sha512-e56Te4j2ndMqKt0wGfS6gl6GXUqRrhApbCR4+5nCWmnUWyuhVT6vvxZzQGWdDpKsZjQj9beffkvDlxjdQLmgGA==",
      "requires": {
        "trans-render": "0.0.78",
        "xtal-element": "0.0.29",
        "xtal-shell": "0.0.18"
      },
      "dependencies": {
        "trans-render": {
          "version": "0.0.78",
          "resolved": "https://registry.npmjs.org/trans-render/-/trans-render-0.0.78.tgz",
          "integrity": "sha512-fL3HFsPZavrEe5pAzhS2oScBW4OnBKm3i0uqaviXPpJYcoH8PTiPR4tTFeOFQvFL6RY1sCa5LYitbz0eBcPZjw==",
          "requires": {
            "xtal-latx": "0.0.88"
          }
        },
        "xtal-element": {
          "version": "0.0.29",
          "resolved": "https://registry.npmjs.org/xtal-element/-/xtal-element-0.0.29.tgz",
          "integrity": "sha512-u+IXDehC24Ic/rOSIMshn8yR1tzAMiJDy1afKmfZcoyRK3JYOTy8D/elFWXHupERwHQ7LPA2Jku+GMNUZnmLNA==",
          "requires": {
            "event-switch": "0.0.12",
            "trans-render": "0.0.62"
          },
          "dependencies": {
            "trans-render": {
              "version": "0.0.62",
              "resolved": "https://registry.npmjs.org/trans-render/-/trans-render-0.0.62.tgz",
              "integrity": "sha512-RYWwPAiKEb0/hum1SsYN0dJMUcXnk/0htjJZqkq6LrlfgPwWvWfx+XKH0o4TSyTv82eJBUIX9zNZmGggl6Msbw=="
            }
          }
        }
      }
    },
    "xtal-element": {
      "version": "0.0.34",
      "resolved": "https://registry.npmjs.org/xtal-element/-/xtal-element-0.0.34.tgz",
      "integrity": "sha512-4uyaDZX1ijGOzfXcWYb92v445KeOCRnk/HWbqOT2GgGCzy93NG+fA390DdGtE/fKBGtL03YlG5FwNkYBJw6+nA==",
      "requires": {
        "event-switch": "0.0.12",
        "trans-render": "0.0.82"
      }
    },
    "xtal-fetch": {
      "version": "0.0.57",
      "resolved": "https://registry.npmjs.org/xtal-fetch/-/xtal-fetch-0.0.57.tgz",
      "integrity": "sha512-dKekTLLEfSl++LturdgiNsS9cbu8zd0FRCw3PMgUnsvwH9VajHG69cLs/BQM0LFMUOl7JXkbh46IdzJ6yXKfvQ==",
      "requires": {
        "xtal-element": "0.0.30"
      },
      "dependencies": {
        "trans-render": {
          "version": "0.0.62",
          "resolved": "https://registry.npmjs.org/trans-render/-/trans-render-0.0.62.tgz",
          "integrity": "sha512-RYWwPAiKEb0/hum1SsYN0dJMUcXnk/0htjJZqkq6LrlfgPwWvWfx+XKH0o4TSyTv82eJBUIX9zNZmGggl6Msbw=="
        },
        "xtal-element": {
          "version": "0.0.30",
          "resolved": "https://registry.npmjs.org/xtal-element/-/xtal-element-0.0.30.tgz",
          "integrity": "sha512-UbkTo+ImiYqk0hk9IEhKw38nXbyJY+TtSKIxXZJkPhFICPzMTnQG3irQskg7tW5aqkXj+NJgctQRbs+uNgbcqg==",
          "requires": {
            "event-switch": "0.0.12",
            "trans-render": "0.0.62"
          }
        }
      }
    },
    "xtal-latx": {
      "version": "0.0.88",
      "resolved": "https://registry.npmjs.org/xtal-latx/-/xtal-latx-0.0.88.tgz",
      "integrity": "sha512-zkfvHGGKR5EeNbHKp5oMhNc9a8tl/IoxsxMlRqgEHjZ7rPW1zZFHn6Zdnhbq1NdWVVPhcw+9CbH/+5g+gExPjg=="
    },
    "xtal-shell": {
      "version": "0.0.18",
      "resolved": "https://registry.npmjs.org/xtal-shell/-/xtal-shell-0.0.18.tgz",
      "integrity": "sha512-gQDc8R37PckfM6uI8c8gqB+8GPhBTJcWkNPW4k6RJprWbw4siNkAA+h+6sOIyE4m0p0tf2IUiAABpGveJ/IWzw=="
    },
    "xtal-splitting": {
      "version": "0.0.9",
      "resolved": "https://registry.npmjs.org/xtal-splitting/-/xtal-splitting-0.0.9.tgz",
      "integrity": "sha512-EVsGTyrd0afaq2NTvGuAiL7G0+bi2uYJOaLo+XWb3rj09lpg1Yx1y1skXppE+wMyIqgemGQAiG4URdjisWWqaQ==",
      "requires": {
        "xtal-element": "0.0.30"
      },
      "dependencies": {
        "trans-render": {
          "version": "0.0.62",
          "resolved": "https://registry.npmjs.org/trans-render/-/trans-render-0.0.62.tgz",
          "integrity": "sha512-RYWwPAiKEb0/hum1SsYN0dJMUcXnk/0htjJZqkq6LrlfgPwWvWfx+XKH0o4TSyTv82eJBUIX9zNZmGggl6Msbw=="
        },
        "xtal-element": {
          "version": "0.0.30",
          "resolved": "https://registry.npmjs.org/xtal-element/-/xtal-element-0.0.30.tgz",
          "integrity": "sha512-UbkTo+ImiYqk0hk9IEhKw38nXbyJY+TtSKIxXZJkPhFICPzMTnQG3irQskg7tW5aqkXj+NJgctQRbs+uNgbcqg==",
          "requires": {
            "event-switch": "0.0.12",
            "trans-render": "0.0.62"
          }
        }
      }
    }
  }
}
